
Microsoft Visual Studio Solution File, Format Version 12.00
# Visual Studio Version 17
VisualStudioVersion = 17.3.32901.215
MinimumVisualStudioVersion = 10.0.40219.1
Project("{9A19103F-16F7-4668-BE54-9A1E7A4F7556}") = "SuperHeroAPI", "SuperHeroAPI.csproj", "{B5054699-2C7B-4D9C-94F7-EACDD1BEB23F}"
EndProject
Project("{9A19103F-16F7-4668-BE54-9A1E7A4F7556}") = "ServicesAPI", "..\ServicesAPI\ServicesAPI.csproj", "{E2D8F5D5-810C-4A40-89CD-831B6ECBAD6C}"
EndProject
Global
	GlobalSection(SolutionConfigurationPlatforms) = preSolution
		Debug|Any CPU = Debug|Any CPU
		Release|Any CPU = Release|Any CPU
	EndGlobalSection
	GlobalSection(ProjectConfigurationPlatforms) = postSolution
		{B5054699-2C7B-4D9C-94F7-EACDD1BEB23F}.Debug|Any CPU.ActiveCfg = Debug|Any CPU
		{B5054699-2C7B-4D9C-94F7-EACDD1BEB23F}.Debug|Any CPU.Build.0 = Debug|Any CPU
		{B5054699-2C7B-4D9C-94F7-EACDD1BEB23F}.Release|Any CPU.ActiveCfg = Release|Any CPU
		{B5054699-2C7B-4D9C-94F7-EACDD1BEB23F}.Release|Any CPU.Build.0 = Release|Any CPU
		{E2D8F5D5-810C-4A40-89CD-831B6ECBAD6C}.Debug|Any CPU.ActiveCfg = Debug|Any CPU
		{E2D8F5D5-810C-4A40-89CD-831B6ECBAD6C}.Debug|Any CPU.Build.0 = Debug|Any CPU
		{E2D8F5D5-810C-4A40-89CD-831B6ECBAD6C}.Release|Any CPU.ActiveCfg = Release|Any CPU
		{E2D8F5D5-810C-4A40-89CD-831B6ECBAD6C}.Release|Any CPU.Build.0 = Release|Any CPU
	EndGlobalSection
	GlobalSection(SolutionProperties) = preSolution
		HideSolutionNode = FALSE
	EndGlobalSection
	GlobalSection(ExtensibilityGlobals) = postSolution
		SolutionGuid = {0BED095D-AEE8-4A8B-8355-AA67D1F67F5C}
	EndGlobalSection
EndGlobal
